<?xml version="1.0" encoding="UTF-8" standalone="yes" ?>
<CodeBlocks_project_file>
	<FileVersion major="1" minor="6" />
	<Project>
		<Option title="IARRC Simulator" />
		<Option pch_mode="2" />
		<Option compiler="gcc" />
		<Build>
			<Target title="Debug">
				<Option output="bin\Debug\IARRC_Sim" prefix_auto="1" extension_auto="1" />
				<Option working_dir="bin\Debug" />
				<Option object_output="obj\Debug\" />
				<Option type="1" />
				<Option compiler="gcc" />
				<Compiler>
					<Add option="-g" />
				</Compiler>
				<Linker>
					<Add library="libglut" />
				</Linker>
			</Target>
			<Target title="Release">
				<Option output="bin\Release\IARRC_Sim" prefix_auto="1" extension_auto="1" />
				<Option working_dir="bin\Release" />
				<Option object_output="obj\Release\" />
				<Option type="0" />
				<Option compiler="gcc" />
				<Compiler>
					<Add option="-O2" />
				</Compiler>
				<Linker>
					<Add option="-s" />
					<Add library="freeglut" />
					<Add library="opengl32" />
					<Add library="glu32" />
					<Add library="libws2_32.a" />
				</Linker>
			</Target>
		</Build>
		<Compiler>
			<Add option="-Wall" />
			<Add directory="C:\Program Files\CodeBlocks\MinGW\include" />
		</Compiler>
		<Linker>
			<Add directory="C:\Program Files\CodeBlocks\MinGW\lib" />
		</Linker>
		<Unit filename="app\Application.cpp" />
		<Unit filename="app\Application.hpp" />
		<Unit filename="app\Environment.cpp" />
		<Unit filename="app\Environment.hpp" />
		<Unit filename="app\EnvironmentRemovePhysicalObjectJob.cpp" />
		<Unit filename="app\EnvironmentRemovePhysicalObjectJob.hpp" />
		<Unit filename="docserver\ArrayVariableValue.cpp" />
		<Unit filename="docserver\ArrayVariableValue.hpp" />
		<Unit filename="docserver\Constant.cpp" />
		<Unit filename="docserver\Constant.hpp" />
		<Unit filename="docserver\DocServer.cpp" />
		<Unit filename="docserver\DocServer.hpp" />
		<Unit filename="docserver\NamedValue.cpp" />
		<Unit filename="docserver\NamedValue.hpp" />
		<Unit filename="docserver\SingleVariableValue.cpp" />
		<Unit filename="docserver\SingleVariableValue.hpp" />
		<Unit filename="docserver\THTMLProcessor.cpp" />
		<Unit filename="docserver\THTMLProcessor.hpp" />
		<Unit filename="docserver\Variable.cpp" />
		<Unit filename="docserver\Variable.hpp" />
		<Unit filename="docserver\VariableCollection.cpp" />
		<Unit filename="docserver\VariableCollection.hpp" />
		<Unit filename="docserver\VariableCollectionStack.cpp" />
		<Unit filename="docserver\VariableCollectionStack.hpp" />
		<Unit filename="docserver\VariableValue.cpp" />
		<Unit filename="docserver\VariableValue.hpp" />
		<Unit filename="editor\ActiveVector2D.cpp" />
		<Unit filename="editor\ActiveVector2D.hpp" />
		<Unit filename="editor\CircuitDesign.cpp" />
		<Unit filename="editor\CircuitDesign.hpp" />
		<Unit filename="editor\EndPointDragger.cpp" />
		<Unit filename="editor\EndPointDragger.hpp" />
		<Unit filename="editor\MouseMotionListener.cpp" />
		<Unit filename="editor\MouseMotionListener.hpp" />
		<Unit filename="editor\PerspectiveMouseMotionListener.cpp" />
		<Unit filename="editor\PerspectiveMouseMotionListener.hpp" />
		<Unit filename="editor\RepositionMouseMotionListener.cpp" />
		<Unit filename="editor\RepositionMouseMotionListener.hpp" />
		<Unit filename="editor\RotationMouseMotionListener.cpp" />
		<Unit filename="editor\RotationMouseMotionListener.hpp" />
		<Unit filename="editor\SensorRepositionMouseListener.cpp" />
		<Unit filename="editor\SensorRepositionMouseListener.hpp" />
		<Unit filename="editor\SensorRotationMouseListener.cpp" />
		<Unit filename="editor\SensorRotationMouseListener.hpp" />
		<Unit filename="graphics\BitmapImage.cpp" />
		<Unit filename="graphics\BitmapImage.hpp" />
		<Unit filename="graphics\Graphics2D.cpp" />
		<Unit filename="graphics\Graphics2D.hpp" />
		<Unit filename="graphics\Rotator2D.cpp" />
		<Unit filename="graphics\Rotator2D.hpp" />
		<Unit filename="graphics\Texture.cpp" />
		<Unit filename="graphics\Texture.hpp" />
		<Unit filename="graphics\TextureContext.cpp" />
		<Unit filename="graphics\TextureContext.hpp" />
		<Unit filename="io\FileDirectory.cpp" />
		<Unit filename="io\FileDirectory.hpp" />
		<Unit filename="io\HTTPField.cpp" />
		<Unit filename="io\HTTPField.hpp" />
		<Unit filename="io\HTTPFieldSet.cpp" />
		<Unit filename="io\HTTPFieldSet.hpp" />
		<Unit filename="io\HTTPParser.cpp" />
		<Unit filename="io\HTTPParser.hpp" />
		<Unit filename="io\HTTPRequest.cpp" />
		<Unit filename="io\HTTPRequest.hpp" />
		<Unit filename="io\HTTPResponse.cpp" />
		<Unit filename="io\HTTPResponse.hpp" />
		<Unit filename="io\LEFStreams_.hpp" />
		<Unit filename="io\LEInputStream_.cpp" />
		<Unit filename="io\LEOutputStream_.cpp" />
		<Unit filename="io\Parameter.cpp" />
		<Unit filename="io\Parameter.hpp" />
		<Unit filename="io\ParameterCollection.cpp" />
		<Unit filename="io\ParameterCollection.hpp" />
		<Unit filename="io\ServerSocket.cpp" />
		<Unit filename="io\ServerSocket.hpp" />
		<Unit filename="io\Socket.cpp" />
		<Unit filename="io\Socket.hpp" />
		<Unit filename="io\console.cpp" />
		<Unit filename="io\console.hpp" />
		<Unit filename="logging\EventLog.cpp" />
		<Unit filename="logging\EventLog.hpp" />
		<Unit filename="logging\LogMessage.cpp" />
		<Unit filename="logging\LogMessage.hpp" />
		<Unit filename="main.cpp" />
		<Unit filename="modelio\ComplexObjectLoader.cpp" />
		<Unit filename="modelio\ComplexObjectLoader.hpp" />
		<Unit filename="modelio\OBJComplexObjectLoader.cpp" />
		<Unit filename="modelio\OBJComplexObjectLoader.hpp" />
		<Unit filename="modelio\RRSMComplexObjectLoader.cpp" />
		<Unit filename="modelio\RRSMComplexObjectLoader.hpp" />
		<Unit filename="physicalobjects\Backdrop.cpp" />
		<Unit filename="physicalobjects\Backdrop.hpp" />
		<Unit filename="physicalobjects\ComplexObject.cpp" />
		<Unit filename="physicalobjects\ComplexObject.hpp" />
		<Unit filename="physicalobjects\GCommand.cpp" />
		<Unit filename="physicalobjects\GCommand.hpp" />
		<Unit filename="physicalobjects\InteractiveObject.cpp" />
		<Unit filename="physicalobjects\InteractiveObject.hpp" />
		<Unit filename="physicalobjects\LineSegment.cpp" />
		<Unit filename="physicalobjects\LineSegment.hpp" />
		<Unit filename="physicalobjects\PhysicalObject.cpp" />
		<Unit filename="physicalobjects\PhysicalObject.hpp" />
		<Unit filename="physicalobjects\PolygonCommand.cpp" />
		<Unit filename="physicalobjects\PolygonCommand.hpp" />
		<Unit filename="physicalobjects\Pylon.cpp" />
		<Unit filename="physicalobjects\Pylon.hpp" />
		<Unit filename="physicalobjects\Quad.cpp" />
		<Unit filename="physicalobjects\Quad.hpp" />
		<Unit filename="physicalobjects\Ramp.cpp" />
		<Unit filename="physicalobjects\Ramp.hpp" />
		<Unit filename="physicalobjects\RoboticCar.cpp" />
		<Unit filename="physicalobjects\RoboticCar.hpp" />
		<Unit filename="physicalobjects\RoboticHelicopter.cpp" />
		<Unit filename="physicalobjects\RoboticHelicopter.hpp" />
		<Unit filename="physicalobjects\Rotatable.cpp" />
		<Unit filename="physicalobjects\Rotatable.hpp" />
		<Unit filename="physicalobjects\StopSign.cpp" />
		<Unit filename="physicalobjects\StopSign.hpp" />
		<Unit filename="physicalobjects\TrafficLight.cpp" />
		<Unit filename="physicalobjects\TrafficLight.hpp" />
		<Unit filename="physicalobjects\TranslateObjectWrapper.cpp" />
		<Unit filename="physicalobjects\TranslateObjectWrapper.hpp" />
		<Unit filename="physicalobjects\Tunnel.cpp" />
		<Unit filename="physicalobjects\Tunnel.hpp" />
		<Unit filename="physicalobjects\UseTextureCommand.cpp" />
		<Unit filename="physicalobjects\UseTextureCommand.hpp" />
		<Unit filename="physicalobjects\VerticalWall.cpp" />
		<Unit filename="physicalobjects\VerticalWall.hpp" />
		<Unit filename="robotcontrollers\PathFinder.cpp" />
		<Unit filename="robotcontrollers\PathFinder.hpp" />
		<Unit filename="robotcontrollers\PylonAvoider.cpp" />
		<Unit filename="robotcontrollers\PylonAvoider.hpp" />
		<Unit filename="robotcontrollers\RobotController.cpp" />
		<Unit filename="robotcontrollers\RobotController.hpp" />
		<Unit filename="robotcontrollers\TCPIPRobotController.cpp" />
		<Unit filename="robotcontrollers\TCPIPRobotController.hpp" />
		<Unit filename="sensors\Lidar.cpp" />
		<Unit filename="sensors\Lidar.hpp" />
		<Unit filename="sensors\Sensor.cpp" />
		<Unit filename="sensors\Sensor.hpp" />
		<Unit filename="sensors\Sensors.cpp" />
		<Unit filename="sensors\Sensors.hpp" />
		<Unit filename="sensors\UltrasonicSensor.cpp" />
		<Unit filename="sensors\UltrasonicSensor.hpp" />
		<Unit filename="sensors\VideoDevice.cpp" />
		<Unit filename="sensors\VideoDevice.hpp" />
		<Unit filename="shapes\Cone.cpp" />
		<Unit filename="shapes\Cone.hpp" />
		<Unit filename="shapes\ConeTester.cpp" />
		<Unit filename="shapes\ConeTester.hpp" />
		<Unit filename="shapes\HorizontalRectangle.cpp" />
		<Unit filename="shapes\HorizontalRectangle.hpp" />
		<Unit filename="shapes\Shape.cpp" />
		<Unit filename="shapes\Shape.hpp" />
		<Unit filename="shapes\ShapeCollection.cpp" />
		<Unit filename="shapes\ShapeCollection.hpp" />
		<Unit filename="shapes\SlantedRectangle.cpp" />
		<Unit filename="shapes\SlantedRectangle.hpp" />
		<Unit filename="shapes\VerticalIsoscelesTriangle.cpp" />
		<Unit filename="shapes\VerticalIsoscelesTriangle.hpp" />
		<Unit filename="shapes\VerticalRectangle.cpp" />
		<Unit filename="shapes\VerticalRectangle.hpp" />
		<Unit filename="shapes\ZeroPlane.cpp" />
		<Unit filename="shapes\ZeroPlane.hpp" />
		<Unit filename="shapes\ZeroPlaneTester.cpp" />
		<Unit filename="shapes\ZeroPlaneTester.hpp" />
		<Unit filename="splash\Introduction.cpp" />
		<Unit filename="splash\Introduction.hpp" />
		<Unit filename="splash\SplashWindow.cpp" />
		<Unit filename="splash\SplashWindow.hpp" />
		<Unit filename="stdafx.h" />
		<Unit filename="threads\Job.cpp" />
		<Unit filename="threads\Job.hpp" />
		<Unit filename="threads\JobCollection.cpp" />
		<Unit filename="threads\JobCollection.hpp" />
		<Unit filename="threads\Mutex.cpp" />
		<Unit filename="threads\Mutex.hpp" />
		<Unit filename="threads\Thread.cpp" />
		<Unit filename="threads\Thread.hpp" />
		<Unit filename="ui\SensorEditorUI.cpp" />
		<Unit filename="ui\SensorEditorUI.hpp" />
		<Unit filename="ui\SimulationUI.cpp" />
		<Unit filename="ui\SimulationUI.hpp" />
		<Unit filename="ui\TrackEditorUI.cpp" />
		<Unit filename="ui\TrackEditorUI.hpp" />
		<Unit filename="ui\UserInterface.cpp" />
		<Unit filename="ui\UserInterface.hpp" />
		<Unit filename="ui\Utilities.cpp" />
		<Unit filename="ui\Utilities.hpp" />
		<Unit filename="vectors\Matrix.cpp" />
		<Unit filename="vectors\Matrix.hpp" />
		<Unit filename="vectors\PerspectiveViewTransformer.cpp" />
		<Unit filename="vectors\PerspectiveViewTransformer.hpp" />
		<Unit filename="vectors\Ray3D.cpp" />
		<Unit filename="vectors\Ray3D.hpp" />
		<Unit filename="vectors\Rotator3D.cpp" />
		<Unit filename="vectors\Rotator3D.hpp" />
		<Unit filename="vectors\Rotator3DTester.cpp" />
		<Unit filename="vectors\Rotator3DTester.hpp" />
		<Unit filename="vectors\Vector2D.cpp" />
		<Unit filename="vectors\Vector2D.hpp" />
		<Unit filename="vectors\Vector2DInt.cpp" />
		<Unit filename="vectors\Vector2DInt.hpp" />
		<Unit filename="vectors\Vector3D.cpp" />
		<Unit filename="vectors\Vector3D.hpp" />
		<Unit filename="vectors\ViewTransformer.cpp" />
		<Unit filename="vectors\ViewTransformer.hpp" />
		<Extensions>
			<code_completion />
			<debugger />
		</Extensions>
	</Project>
</CodeBlocks_project_file>
